PODS:
  - MYPMessageController (0.1.0)

DEPENDENCIES:
  - MYPMessageController (from `../`)

EXTERNAL SOURCES:
  MYPMessageController:
    :path: "../"

SPEC CHECKSUMS:
  MYPMessageController: d9b1584716efb7ce1dc191e704297dab6cdd0fca

PODFILE CHECKSUM: f8a07b68d6d5bf9be5bcf60db90ed1d98a452eae

COCOAPODS: 1.5.2
