PODS:
  - MYPMessageController (0.3.0)

DEPENDENCIES:
  - MYPMessageController (from `../`)

EXTERNAL SOURCES:
  MYPMessageController:
    :path: "../"

SPEC CHECKSUMS:
  MYPMessageController: 372f73e335455cf505665b4b5cc730fcccbadd35

PODFILE CHECKSUM: f8a07b68d6d5bf9be5bcf60db90ed1d98a452eae

COCOAPODS: 1.5.2
